
Microsoft Visual Studio Solution File, Format Version 12.00
# Visual Studio 15
VisualStudioVersion = 15.0.28010.2016
MinimumVisualStudioVersion = 10.0.40219.1
Project("{FAE04EC0-301F-11D3-BF4B-00C04F79EFBC}") = "AtariRomToIntelHex", "AtariRomToIntelHex\AtariRomToIntelHex.csproj", "{68C31B32-F572-416F-AADD-AFA05CE29D11}"
EndProject
Global
	GlobalSection(SolutionConfigurationPlatforms) = preSolution
		Debug|Any CPU = Debug|Any CPU
		Release|Any CPU = Release|Any CPU
	EndGlobalSection
	GlobalSection(ProjectConfigurationPlatforms) = postSolution
		{68C31B32-F572-416F-AADD-AFA05CE29D11}.Debug|Any CPU.ActiveCfg = Debug|Any CPU
		{68C31B32-F572-416F-AADD-AFA05CE29D11}.Debug|Any CPU.Build.0 = Debug|Any CPU
		{68C31B32-F572-416F-AADD-AFA05CE29D11}.Release|Any CPU.ActiveCfg = Release|Any CPU
		{68C31B32-F572-416F-AADD-AFA05CE29D11}.Release|Any CPU.Build.0 = Release|Any CPU
	EndGlobalSection
	GlobalSection(SolutionProperties) = preSolution
		HideSolutionNode = FALSE
	EndGlobalSection
	GlobalSection(ExtensibilityGlobals) = postSolution
		SolutionGuid = {B7A41158-0076-443D-9EDF-872A556B1EE3}
	EndGlobalSection
EndGlobal
