
Microsoft Visual Studio Solution File, Format Version 12.00
# Visual Studio 15
VisualStudioVersion = 15.0.28010.2016
MinimumVisualStudioVersion = 10.0.40219.1
Project("{FAE04EC0-301F-11D3-BF4B-00C04F79EFBC}") = "AtariRomViewer", "AtariRomViewer\AtariRomViewer.csproj", "{0BEB82F8-938C-45BE-B9AC-556DCBE3495B}"
EndProject
Global
	GlobalSection(SolutionConfigurationPlatforms) = preSolution
		Debug|Any CPU = Debug|Any CPU
		Release|Any CPU = Release|Any CPU
	EndGlobalSection
	GlobalSection(ProjectConfigurationPlatforms) = postSolution
		{0BEB82F8-938C-45BE-B9AC-556DCBE3495B}.Debug|Any CPU.ActiveCfg = Debug|Any CPU
		{0BEB82F8-938C-45BE-B9AC-556DCBE3495B}.Debug|Any CPU.Build.0 = Debug|Any CPU
		{0BEB82F8-938C-45BE-B9AC-556DCBE3495B}.Release|Any CPU.ActiveCfg = Release|Any CPU
		{0BEB82F8-938C-45BE-B9AC-556DCBE3495B}.Release|Any CPU.Build.0 = Release|Any CPU
	EndGlobalSection
	GlobalSection(SolutionProperties) = preSolution
		HideSolutionNode = FALSE
	EndGlobalSection
	GlobalSection(ExtensibilityGlobals) = postSolution
		SolutionGuid = {0E4854DD-9978-457E-8990-A1C5F277C6D5}
	EndGlobalSection
EndGlobal
